// !$*UTF8*$!
{
	archiveVersion = 1;
	classes = {
	};
	objectVersion = 46;
	objects = {

/* Begin PBXBuildFile section */
		8777FE05222BFA0000546844 /* GoodsListViewController.m in Sources */ = {isa = PBXBuildFile; fileRef = 8777FE04222BFA0000546844 /* GoodsListViewController.m */; };
		8777FE0D222E2C8F00546844 /* GoodsManager.m in Sources */ = {isa = PBXBuildFile; fileRef = 8777FE0C222E2C8F00546844 /* GoodsManager.m */; };
		87E165751F6D78BA00EAB464 /* image.xcassets in Resources */ = {isa = PBXBuildFile; fileRef = 87E165741F6D78BA00EAB464 /* image.xcassets */; };
		87E1659F1F6DF6B000EAB464 /* GoodsBundle.m in Sources */ = {isa = PBXBuildFile; fileRef = 87E1659E1F6DF6B000EAB464 /* GoodsBundle.m */; };
		87E165A21F6DF6C600EAB464 /* GoodsModule.m in Sources */ = {isa = PBXBuildFile; fileRef = 87E165A11F6DF6C600EAB464 /* GoodsModule.m */; };
		87E1660A1F6E534A00EAB464 /* GoodsDetailsViewController.m in Sources */ = {isa = PBXBuildFile; fileRef = 87E166091F6E534A00EAB464 /* GoodsDetailsViewController.m */; };
		87E166141F6E62B200EAB464 /* GoodsModel.m in Sources */ = {isa = PBXBuildFile; fileRef = 87E166131F6E62B200EAB464 /* GoodsModel.m */; };
/* End PBXBuildFile section */

/* Begin PBXCopyFilesBuildPhase section */
		87E1652C1F6D731100EAB464 /* CopyFiles */ = {
			isa = PBXCopyFilesBuildPhase;
			buildActionMask = 2147483647;
			dstPath = "include/$(PRODUCT_NAME)";
			dstSubfolderSpec = 16;
			files = (
			);
			runOnlyForDeploymentPostprocessing = 0;
		};
/* End PBXCopyFilesBuildPhase section */

/* Begin PBXFileReference section */
		8777FE03222BFA0000546844 /* GoodsListViewController.h */ = {isa = PBXFileReference; lastKnownFileType = sourcecode.c.h; path = GoodsListViewController.h; sourceTree = "<group>"; };
		8777FE04222BFA0000546844 /* GoodsListViewController.m */ = {isa = PBXFileReference; lastKnownFileType = sourcecode.c.objc; path = GoodsListViewController.m; sourceTree = "<group>"; };
		8777FE0B222E2C8F00546844 /* GoodsManager.h */ = {isa = PBXFileReference; lastKnownFileType = sourcecode.c.h; path = GoodsManager.h; sourceTree = "<group>"; };
		8777FE0C222E2C8F00546844 /* GoodsManager.m */ = {isa = PBXFileReference; lastKnownFileType = sourcecode.c.objc; path = GoodsManager.m; sourceTree = "<group>"; };
		87E1652E1F6D731100EAB464 /* libGoods.a */ = {isa = PBXFileReference; explicitFileType = archive.ar; includeInIndex = 0; path = libGoods.a; sourceTree = BUILT_PRODUCTS_DIR; };
		87E165631F6D771A00EAB464 /* GoodsBundle.bundle */ = {isa = PBXFileReference; explicitFileType = wrapper.cfbundle; includeInIndex = 0; path = GoodsBundle.bundle; sourceTree = BUILT_PRODUCTS_DIR; };
		87E165651F6D771A00EAB464 /* Info.plist */ = {isa = PBXFileReference; lastKnownFileType = text.plist.xml; path = Info.plist; sourceTree = "<group>"; };
		87E165741F6D78BA00EAB464 /* image.xcassets */ = {isa = PBXFileReference; lastKnownFileType = folder.assetcatalog; path = image.xcassets; sourceTree = "<group>"; };
		87E1659D1F6DF6B000EAB464 /* GoodsBundle.h */ = {isa = PBXFileReference; fileEncoding = 4; lastKnownFileType = sourcecode.c.h; path = GoodsBundle.h; sourceTree = "<group>"; };
		87E1659E1F6DF6B000EAB464 /* GoodsBundle.m */ = {isa = PBXFileReference; fileEncoding = 4; lastKnownFileType = sourcecode.c.objc; path = GoodsBundle.m; sourceTree = "<group>"; };
		87E165A01F6DF6C600EAB464 /* GoodsModule.h */ = {isa = PBXFileReference; fileEncoding = 4; lastKnownFileType = sourcecode.c.h; path = GoodsModule.h; sourceTree = "<group>"; };
		87E165A11F6DF6C600EAB464 /* GoodsModule.m */ = {isa = PBXFileReference; fileEncoding = 4; lastKnownFileType = sourcecode.c.objc; path = GoodsModule.m; sourceTree = "<group>"; };
		87E166081F6E534A00EAB464 /* GoodsDetailsViewController.h */ = {isa = PBXFileReference; fileEncoding = 4; lastKnownFileType = sourcecode.c.h; path = GoodsDetailsViewController.h; sourceTree = "<group>"; };
		87E166091F6E534A00EAB464 /* GoodsDetailsViewController.m */ = {isa = PBXFileReference; fileEncoding = 4; lastKnownFileType = sourcecode.c.objc; path = GoodsDetailsViewController.m; sourceTree = "<group>"; };
		87E166121F6E62B200EAB464 /* GoodsModel.h */ = {isa = PBXFileReference; fileEncoding = 4; lastKnownFileType = sourcecode.c.h; path = GoodsModel.h; sourceTree = "<group>"; };
		87E166131F6E62B200EAB464 /* GoodsModel.m */ = {isa = PBXFileReference; fileEncoding = 4; lastKnownFileType = sourcecode.c.objc; path = GoodsModel.m; sourceTree = "<group>"; };
/* End PBXFileReference section */

/* Begin PBXFrameworksBuildPhase section */
		87E1652B1F6D731100EAB464 /* Frameworks */ = {
			isa = PBXFrameworksBuildPhase;
			buildActionMask = 2147483647;
			files = (
			);
			runOnlyForDeploymentPostprocessing = 0;
		};
		87E165601F6D771A00EAB464 /* Frameworks */ = {
			isa = PBXFrameworksBuildPhase;
			buildActionMask = 2147483647;
			files = (
			);
			runOnlyForDeploymentPostprocessing = 0;
		};
/* End PBXFrameworksBuildPhase section */

/* Begin PBXGroup section */
		8777FDFE222BF35F00546844 /* GoodsList */ = {
			isa = PBXGroup;
			children = (
				8777FDFF222BF36B00546844 /* Controller */,
			);
			path = GoodsList;
			sourceTree = "<group>";
		};
		8777FDFF222BF36B00546844 /* Controller */ = {
			isa = PBXGroup;
			children = (
				8777FE03222BFA0000546844 /* GoodsListViewController.h */,
				8777FE04222BFA0000546844 /* GoodsListViewController.m */,
			);
			path = Controller;
			sourceTree = "<group>";
		};
		8777FE0A222E2C7400546844 /* GoodsManager */ = {
			isa = PBXGroup;
			children = (
				8777FE0B222E2C8F00546844 /* GoodsManager.h */,
				8777FE0C222E2C8F00546844 /* GoodsManager.m */,
			);
			path = GoodsManager;
			sourceTree = "<group>";
		};
		87E164E81F6D6E4B00EAB464 = {
			isa = PBXGroup;
			children = (
				87E1652F1F6D731100EAB464 /* Goods */,
				87E165641F6D771A00EAB464 /* GoodsBundle */,
				87E164F21F6D6E4B00EAB464 /* Products */,
			);
			sourceTree = "<group>";
		};
		87E164F21F6D6E4B00EAB464 /* Products */ = {
			isa = PBXGroup;
			children = (
				87E1652E1F6D731100EAB464 /* libGoods.a */,
				87E165631F6D771A00EAB464 /* GoodsBundle.bundle */,
			);
			name = Products;
			sourceTree = "<group>";
		};
		87E1652F1F6D731100EAB464 /* Goods */ = {
			isa = PBXGroup;
			children = (
				87E165961F6DF3FA00EAB464 /* Module */,
				87E165951F6DF3FA00EAB464 /* Feature */,
				87E165941F6DF3FA00EAB464 /* Common */,
			);
			path = Goods;
			sourceTree = "<group>";
		};
		87E165641F6D771A00EAB464 /* GoodsBundle */ = {
			isa = PBXGroup;
			children = (
				87E165731F6D78BA00EAB464 /* Resource */,
				87E165651F6D771A00EAB464 /* Info.plist */,
			);
			path = GoodsBundle;
			sourceTree = "<group>";
		};
		87E165731F6D78BA00EAB464 /* Resource */ = {
			isa = PBXGroup;
			children = (
				87E165741F6D78BA00EAB464 /* image.xcassets */,
			);
			name = Resource;
			path = ../../Shop/ShopBundle/Resource;
			sourceTree = "<group>";
		};
		87E165941F6DF3FA00EAB464 /* Common */ = {
			isa = PBXGroup;
			children = (
				87E166111F6E629900EAB464 /* Model */,
			);
			path = Common;
			sourceTree = "<group>";
		};
		87E165951F6DF3FA00EAB464 /* Feature */ = {
			isa = PBXGroup;
			children = (
				8777FE0A222E2C7400546844 /* GoodsManager */,
				8777FDFE222BF35F00546844 /* GoodsList */,
				87E166061F6E531E00EAB464 /* GoodsDetail */,
			);
			path = Feature;
			sourceTree = "<group>";
		};
		87E165961F6DF3FA00EAB464 /* Module */ = {
			isa = PBXGroup;
			children = (
				87E165A01F6DF6C600EAB464 /* GoodsModule.h */,
				87E165A11F6DF6C600EAB464 /* GoodsModule.m */,
				87E1659D1F6DF6B000EAB464 /* GoodsBundle.h */,
				87E1659E1F6DF6B000EAB464 /* GoodsBundle.m */,
			);
			path = Module;
			sourceTree = "<group>";
		};
		87E166061F6E531E00EAB464 /* GoodsDetail */ = {
			isa = PBXGroup;
			children = (
				87E166071F6E532700EAB464 /* Controller */,
			);
			path = GoodsDetail;
			sourceTree = "<group>";
		};
		87E166071F6E532700EAB464 /* Controller */ = {
			isa = PBXGroup;
			children = (
				87E166081F6E534A00EAB464 /* GoodsDetailsViewController.h */,
				87E166091F6E534A00EAB464 /* GoodsDetailsViewController.m */,
			);
			name = Controller;
			sourceTree = "<group>";
		};
		87E166111F6E629900EAB464 /* Model */ = {
			isa = PBXGroup;
			children = (
				87E166121F6E62B200EAB464 /* GoodsModel.h */,
				87E166131F6E62B200EAB464 /* GoodsModel.m */,
			);
			name = Model;
			sourceTree = "<group>";
		};
/* End PBXGroup section */

/* Begin PBXNativeTarget section */
		87E1652D1F6D731100EAB464 /* Goods */ = {
			isa = PBXNativeTarget;
			buildConfigurationList = 87E165341F6D731100EAB464 /* Build configuration list for PBXNativeTarget "Goods" */;
			buildPhases = (
				87E1652A1F6D731100EAB464 /* Sources */,
				87E1652B1F6D731100EAB464 /* Frameworks */,
				87E1652C1F6D731100EAB464 /* CopyFiles */,
			);
			buildRules = (
			);
			dependencies = (
			);
			name = Goods;
			productName = Goods;
			productReference = 87E1652E1F6D731100EAB464 /* libGoods.a */;
			productType = "com.apple.product-type.library.static";
		};
		87E165621F6D771A00EAB464 /* GoodsBundle */ = {
			isa = PBXNativeTarget;
			buildConfigurationList = 87E165661F6D771A00EAB464 /* Build configuration list for PBXNativeTarget "GoodsBundle" */;
			buildPhases = (
				87E1655F1F6D771A00EAB464 /* Sources */,
				87E165601F6D771A00EAB464 /* Frameworks */,
				87E165611F6D771A00EAB464 /* Resources */,
			);
			buildRules = (
			);
			dependencies = (
			);
			name = GoodsBundle;
			productName = GoodsBundle;
			productReference = 87E165631F6D771A00EAB464 /* GoodsBundle.bundle */;
			productType = "com.apple.product-type.bundle";
		};
/* End PBXNativeTarget section */

/* Begin PBXProject section */
		87E164E91F6D6E4B00EAB464 /* Project object */ = {
			isa = PBXProject;
			attributes = {
				LastUpgradeCheck = 1010;
				ORGANIZATIONNAME = "jackie@youzan";
				TargetAttributes = {
					87E1652D1F6D731100EAB464 = {
						CreatedOnToolsVersion = 8.3.3;
						DevelopmentTeam = RNG6JK98J6;
						ProvisioningStyle = Automatic;
					};
					87E165621F6D771A00EAB464 = {
						CreatedOnToolsVersion = 8.3.3;
						DevelopmentTeam = RNG6JK98J6;
						ProvisioningStyle = Automatic;
					};
				};
			};
			buildConfigurationList = 87E164EC1F6D6E4B00EAB464 /* Build configuration list for PBXProject "Goods" */;
			compatibilityVersion = "Xcode 3.2";
			developmentRegion = English;
			hasScannedForEncodings = 0;
			knownRegions = (
				en,
				Base,
			);
			mainGroup = 87E164E81F6D6E4B00EAB464;
			productRefGroup = 87E164F21F6D6E4B00EAB464 /* Products */;
			projectDirPath = "";
			projectRoot = "";
			targets = (
				87E1652D1F6D731100EAB464 /* Goods */,
				87E165621F6D771A00EAB464 /* GoodsBundle */,
			);
		};
/* End PBXProject section */

/* Begin PBXResourcesBuildPhase section */
		87E165611F6D771A00EAB464 /* Resources */ = {
			isa = PBXResourcesBuildPhase;
			buildActionMask = 2147483647;
			files = (
				87E165751F6D78BA00EAB464 /* image.xcassets in Resources */,
			);
			runOnlyForDeploymentPostprocessing = 0;
		};
/* End PBXResourcesBuildPhase section */

/* Begin PBXSourcesBuildPhase section */
		87E1652A1F6D731100EAB464 /* Sources */ = {
			isa = PBXSourcesBuildPhase;
			buildActionMask = 2147483647;
			files = (
				8777FE05222BFA0000546844 /* GoodsListViewController.m in Sources */,
				87E166141F6E62B200EAB464 /* GoodsModel.m in Sources */,
				8777FE0D222E2C8F00546844 /* GoodsManager.m in Sources */,
				87E1660A1F6E534A00EAB464 /* GoodsDetailsViewController.m in Sources */,
				87E165A21F6DF6C600EAB464 /* GoodsModule.m in Sources */,
				87E1659F1F6DF6B000EAB464 /* GoodsBundle.m in Sources */,
			);
			runOnlyForDeploymentPostprocessing = 0;
		};
		87E1655F1F6D771A00EAB464 /* Sources */ = {
			isa = PBXSourcesBuildPhase;
			buildActionMask = 2147483647;
			files = (
			);
			runOnlyForDeploymentPostprocessing = 0;
		};
/* End PBXSourcesBuildPhase section */

/* Begin XCBuildConfiguration section */
		87E165061F6D6E4B00EAB464 /* Debug */ = {
			isa = XCBuildConfiguration;
			buildSettings = {
				ALWAYS_SEARCH_USER_PATHS = NO;
				CLANG_ANALYZER_NONNULL = YES;
				CLANG_ANALYZER_NUMBER_OBJECT_CONVERSION = YES_AGGRESSIVE;
				CLANG_CXX_LANGUAGE_STANDARD = "gnu++0x";
				CLANG_CXX_LIBRARY = "libc++";
				CLANG_ENABLE_MODULES = YES;
				CLANG_ENABLE_OBJC_ARC = YES;
				CLANG_WARN_BLOCK_CAPTURE_AUTORELEASING = YES;
				CLANG_WARN_BOOL_CONVERSION = YES;
				CLANG_WARN_COMMA = YES;
				CLANG_WARN_CONSTANT_CONVERSION = YES;
				CLANG_WARN_DEPRECATED_OBJC_IMPLEMENTATIONS = YES;
				CLANG_WARN_DIRECT_OBJC_ISA_USAGE = YES_ERROR;
				CLANG_WARN_DOCUMENTATION_COMMENTS = YES;
				CLANG_WARN_EMPTY_BODY = YES;
				CLANG_WARN_ENUM_CONVERSION = YES;
				CLANG_WARN_INFINITE_RECURSION = YES;
				CLANG_WARN_INT_CONVERSION = YES;
				CLANG_WARN_NON_LITERAL_NULL_CONVERSION = YES;
				CLANG_WARN_OBJC_IMPLICIT_RETAIN_SELF = YES;
				CLANG_WARN_OBJC_LITERAL_CONVERSION = YES;
				CLANG_WARN_OBJC_ROOT_CLASS = YES_ERROR;
				CLANG_WARN_RANGE_LOOP_ANALYSIS = YES;
				CLANG_WARN_STRICT_PROTOTYPES = YES;
				CLANG_WARN_SUSPICIOUS_MOVE = YES;
				CLANG_WARN_UNREACHABLE_CODE = YES;
				CLANG_WARN__DUPLICATE_METHOD_MATCH = YES;
				"CODE_SIGN_IDENTITY[sdk=iphoneos*]" = "iPhone Developer";
				COPY_PHASE_STRIP = NO;
				DEBUG_INFORMATION_FORMAT = dwarf;
				ENABLE_STRICT_OBJC_MSGSEND = YES;
				ENABLE_TESTABILITY = YES;
				GCC_C_LANGUAGE_STANDARD = gnu99;
				GCC_DYNAMIC_NO_PIC = NO;
				GCC_NO_COMMON_BLOCKS = YES;
				GCC_OPTIMIZATION_LEVEL = 0;
				GCC_PREPROCESSOR_DEFINITIONS = (
					"DEBUG=1",
					"$(inherited)",
				);
				GCC_WARN_64_TO_32_BIT_CONVERSION = YES;
				GCC_WARN_ABOUT_RETURN_TYPE = YES_ERROR;
				GCC_WARN_UNDECLARED_SELECTOR = YES;
				GCC_WARN_UNINITIALIZED_AUTOS = YES_AGGRESSIVE;
				GCC_WARN_UNUSED_FUNCTION = YES;
				GCC_WARN_UNUSED_VARIABLE = YES;
				HEADER_SEARCH_PATHS = (
					"\"${SRCROOT}/../Common/\"/**",
					"\"${SRCROOT}/../Mediator/\"/**",
					"\"${SRCROOT}/../../Pods/\"/**",
				);
				IPHONEOS_DEPLOYMENT_TARGET = 8.0;
				MTL_ENABLE_DEBUG_INFO = YES;
				ONLY_ACTIVE_ARCH = YES;
				SDKROOT = iphoneos;
				TARGETED_DEVICE_FAMILY = "1,2";
			};
			name = Debug;
		};
		87E165071F6D6E4B00EAB464 /* Release */ = {
			isa = XCBuildConfiguration;
			buildSettings = {
				ALWAYS_SEARCH_USER_PATHS = NO;
				CLANG_ANALYZER_NONNULL = YES;
				CLANG_ANALYZER_NUMBER_OBJECT_CONVERSION = YES_AGGRESSIVE;
				CLANG_CXX_LANGUAGE_STANDARD = "gnu++0x";
				CLANG_CXX_LIBRARY = "libc++";
				CLANG_ENABLE_MODULES = YES;
				CLANG_ENABLE_OBJC_ARC = YES;
				CLANG_WARN_BLOCK_CAPTURE_AUTORELEASING = YES;
				CLANG_WARN_BOOL_CONVERSION = YES;
				CLANG_WARN_COMMA = YES;
				CLANG_WARN_CONSTANT_CONVERSION = YES;
				CLANG_WARN_DEPRECATED_OBJC_IMPLEMENTATIONS = YES;
				CLANG_WARN_DIRECT_OBJC_ISA_USAGE = YES_ERROR;
				CLANG_WARN_DOCUMENTATION_COMMENTS = YES;
				CLANG_WARN_EMPTY_BODY = YES;
				CLANG_WARN_ENUM_CONVERSION = YES;
				CLANG_WARN_INFINITE_RECURSION = YES;
				CLANG_WARN_INT_CONVERSION = YES;
				CLANG_WARN_NON_LITERAL_NULL_CONVERSION = YES;
				CLANG_WARN_OBJC_IMPLICIT_RETAIN_SELF = YES;
				CLANG_WARN_OBJC_LITERAL_CONVERSION = YES;
				CLANG_WARN_OBJC_ROOT_CLASS = YES_ERROR;
				CLANG_WARN_RANGE_LOOP_ANALYSIS = YES;
				CLANG_WARN_STRICT_PROTOTYPES = YES;
				CLANG_WARN_SUSPICIOUS_MOVE = YES;
				CLANG_WARN_UNREACHABLE_CODE = YES;
				CLANG_WARN__DUPLICATE_METHOD_MATCH = YES;
				"CODE_SIGN_IDENTITY[sdk=iphoneos*]" = "iPhone Developer";
				COPY_PHASE_STRIP = NO;
				DEBUG_INFORMATION_FORMAT = "dwarf-with-dsym";
				ENABLE_NS_ASSERTIONS = NO;
				ENABLE_STRICT_OBJC_MSGSEND = YES;
				GCC_C_LANGUAGE_STANDARD = gnu99;
				GCC_NO_COMMON_BLOCKS = YES;
				GCC_WARN_64_TO_32_BIT_CONVERSION = YES;
				GCC_WARN_ABOUT_RETURN_TYPE = YES_ERROR;
				GCC_WARN_UNDECLARED_SELECTOR = YES;
				GCC_WARN_UNINITIALIZED_AUTOS = YES_AGGRESSIVE;
				GCC_WARN_UNUSED_FUNCTION = YES;
				GCC_WARN_UNUSED_VARIABLE = YES;
				HEADER_SEARCH_PATHS = (
					"\"${SRCROOT}/../Common/\"/**",
					"\"${SRCROOT}/../Mediator/\"/**",
					"\"${SRCROOT}/../../Pods/\"/**",
				);
				IPHONEOS_DEPLOYMENT_TARGET = 8.0;
				MTL_ENABLE_DEBUG_INFO = NO;
				SDKROOT = iphoneos;
				TARGETED_DEVICE_FAMILY = "1,2";
				VALIDATE_PRODUCT = YES;
			};
			name = Release;
		};
		87E165351F6D731100EAB464 /* Debug */ = {
			isa = XCBuildConfiguration;
			buildSettings = {
				DEVELOPMENT_TEAM = RNG6JK98J6;
				HEADER_SEARCH_PATHS = "$(inherited)";
				OTHER_LDFLAGS = "-ObjC";
				PRODUCT_NAME = "$(TARGET_NAME)";
				SKIP_INSTALL = YES;
			};
			name = Debug;
		};
		87E165361F6D731100EAB464 /* Release */ = {
			isa = XCBuildConfiguration;
			buildSettings = {
				DEVELOPMENT_TEAM = RNG6JK98J6;
				HEADER_SEARCH_PATHS = "$(inherited)";
				OTHER_LDFLAGS = "-ObjC";
				PRODUCT_NAME = "$(TARGET_NAME)";
				SKIP_INSTALL = YES;
			};
			name = Release;
		};
		87E165671F6D771A00EAB464 /* Debug */ = {
			isa = XCBuildConfiguration;
			buildSettings = {
				CODE_SIGN_IDENTITY = "-";
				COMBINE_HIDPI_IMAGES = YES;
				DEVELOPMENT_TEAM = RNG6JK98J6;
				HEADER_SEARCH_PATHS = "";
				INFOPLIST_FILE = GoodsBundle/Info.plist;
				INSTALL_PATH = "$(LOCAL_LIBRARY_DIR)/Bundles";
				IPHONEOS_DEPLOYMENT_TARGET = 8.0;
				MACOSX_DEPLOYMENT_TARGET = 10.12;
				PRODUCT_BUNDLE_IDENTIFIER = com.youzan.GoodsBundle;
				PRODUCT_NAME = "$(TARGET_NAME)";
				SDKROOT = iphoneos;
				SKIP_INSTALL = YES;
				WRAPPER_EXTENSION = bundle;
			};
			name = Debug;
		};
		87E165681F6D771A00EAB464 /* Release */ = {
			isa = XCBuildConfiguration;
			buildSettings = {
				CODE_SIGN_IDENTITY = "-";
				COMBINE_HIDPI_IMAGES = YES;
				DEVELOPMENT_TEAM = RNG6JK98J6;
				HEADER_SEARCH_PATHS = "";
				INFOPLIST_FILE = GoodsBundle/Info.plist;
				INSTALL_PATH = "$(LOCAL_LIBRARY_DIR)/Bundles";
				IPHONEOS_DEPLOYMENT_TARGET = 8.0;
				MACOSX_DEPLOYMENT_TARGET = 10.12;
				PRODUCT_BUNDLE_IDENTIFIER = com.youzan.GoodsBundle;
				PRODUCT_NAME = "$(TARGET_NAME)";
				SDKROOT = iphoneos;
				SKIP_INSTALL = YES;
				WRAPPER_EXTENSION = bundle;
			};
			name = Release;
		};
/* End XCBuildConfiguration section */

/* Begin XCConfigurationList section */
		87E164EC1F6D6E4B00EAB464 /* Build configuration list for PBXProject "Goods" */ = {
			isa = XCConfigurationList;
			buildConfigurations = (
				87E165061F6D6E4B00EAB464 /* Debug */,
				87E165071F6D6E4B00EAB464 /* Release */,
			);
			defaultConfigurationIsVisible = 0;
			defaultConfigurationName = Release;
		};
		87E165341F6D731100EAB464 /* Build configuration list for PBXNativeTarget "Goods" */ = {
			isa = XCConfigurationList;
			buildConfigurations = (
				87E165351F6D731100EAB464 /* Debug */,
				87E165361F6D731100EAB464 /* Release */,
			);
			defaultConfigurationIsVisible = 0;
			defaultConfigurationName = Release;
		};
		87E165661F6D771A00EAB464 /* Build configuration list for PBXNativeTarget "GoodsBundle" */ = {
			isa = XCConfigurationList;
			buildConfigurations = (
				87E165671F6D771A00EAB464 /* Debug */,
				87E165681F6D771A00EAB464 /* Release */,
			);
			defaultConfigurationIsVisible = 0;
			defaultConfigurationName = Release;
		};
/* End XCConfigurationList section */
	};
	rootObject = 87E164E91F6D6E4B00EAB464 /* Project object */;
}
