// !$*UTF8*$!
{
	archiveVersion = 1;
	classes = {
	};
	objectVersion = 46;
	objects = {

/* Begin PBXBuildFile section */
		873853BF222790AB009C895D /* image.xcassets in Resources */ = {isa = PBXBuildFile; fileRef = 873853BE222790AB009C895D /* image.xcassets */; };
		87E165531F6D753600EAB464 /* HomeBundle.m in Sources */ = {isa = PBXBuildFile; fileRef = 87E1654F1F6D753600EAB464 /* HomeBundle.m */; };
		87E165541F6D753600EAB464 /* HomeModule.m in Sources */ = {isa = PBXBuildFile; fileRef = 87E165511F6D753600EAB464 /* HomeModule.m */; };
		87E165AF1F6E0B8E00EAB464 /* HomeViewController.m in Sources */ = {isa = PBXBuildFile; fileRef = 87E165AE1F6E0B8E00EAB464 /* HomeViewController.m */; };
		87E165B51F6E0BD600EAB464 /* home.storyboard in Resources */ = {isa = PBXBuildFile; fileRef = 87E165B41F6E0BD600EAB464 /* home.storyboard */; };
/* End PBXBuildFile section */

/* Begin PBXCopyFilesBuildPhase section */
		87E1651F1F6D72EF00EAB464 /* CopyFiles */ = {
			isa = PBXCopyFilesBuildPhase;
			buildActionMask = 2147483647;
			dstPath = "include/$(PRODUCT_NAME)";
			dstSubfolderSpec = 16;
			files = (
			);
			runOnlyForDeploymentPostprocessing = 0;
		};
/* End PBXCopyFilesBuildPhase section */

/* Begin PBXFileReference section */
		873853BE222790AB009C895D /* image.xcassets */ = {isa = PBXFileReference; lastKnownFileType = folder.assetcatalog; path = image.xcassets; sourceTree = "<group>"; };
		87E165211F6D72EF00EAB464 /* libHome.a */ = {isa = PBXFileReference; explicitFileType = archive.ar; includeInIndex = 0; path = libHome.a; sourceTree = BUILT_PRODUCTS_DIR; };
		87E1654E1F6D753600EAB464 /* HomeBundle.h */ = {isa = PBXFileReference; fileEncoding = 4; lastKnownFileType = sourcecode.c.h; path = HomeBundle.h; sourceTree = "<group>"; };
		87E1654F1F6D753600EAB464 /* HomeBundle.m */ = {isa = PBXFileReference; fileEncoding = 4; lastKnownFileType = sourcecode.c.objc; path = HomeBundle.m; sourceTree = "<group>"; };
		87E165501F6D753600EAB464 /* HomeModule.h */ = {isa = PBXFileReference; fileEncoding = 4; lastKnownFileType = sourcecode.c.h; path = HomeModule.h; sourceTree = "<group>"; };
		87E165511F6D753600EAB464 /* HomeModule.m */ = {isa = PBXFileReference; fileEncoding = 4; lastKnownFileType = sourcecode.c.objc; path = HomeModule.m; sourceTree = "<group>"; };
		87E165591F6D76F300EAB464 /* HomeBundle.bundle */ = {isa = PBXFileReference; explicitFileType = wrapper.cfbundle; includeInIndex = 0; path = HomeBundle.bundle; sourceTree = BUILT_PRODUCTS_DIR; };
		87E1655B1F6D76F300EAB464 /* Info.plist */ = {isa = PBXFileReference; lastKnownFileType = text.plist.xml; path = Info.plist; sourceTree = "<group>"; };
		87E165AD1F6E0B8E00EAB464 /* HomeViewController.h */ = {isa = PBXFileReference; fileEncoding = 4; lastKnownFileType = sourcecode.c.h; path = HomeViewController.h; sourceTree = "<group>"; };
		87E165AE1F6E0B8E00EAB464 /* HomeViewController.m */ = {isa = PBXFileReference; fileEncoding = 4; lastKnownFileType = sourcecode.c.objc; path = HomeViewController.m; sourceTree = "<group>"; };
		87E165B41F6E0BD600EAB464 /* home.storyboard */ = {isa = PBXFileReference; fileEncoding = 4; lastKnownFileType = file.storyboard; path = home.storyboard; sourceTree = "<group>"; };
/* End PBXFileReference section */

/* Begin PBXFrameworksBuildPhase section */
		87E1651E1F6D72EF00EAB464 /* Frameworks */ = {
			isa = PBXFrameworksBuildPhase;
			buildActionMask = 2147483647;
			files = (
			);
			runOnlyForDeploymentPostprocessing = 0;
		};
		87E165561F6D76F300EAB464 /* Frameworks */ = {
			isa = PBXFrameworksBuildPhase;
			buildActionMask = 2147483647;
			files = (
			);
			runOnlyForDeploymentPostprocessing = 0;
		};
/* End PBXFrameworksBuildPhase section */

/* Begin PBXGroup section */
		873853BD2227907E009C895D /* Resource */ = {
			isa = PBXGroup;
			children = (
				873853BE222790AB009C895D /* image.xcassets */,
			);
			path = Resource;
			sourceTree = "<group>";
		};
		87E164A21F6D6E2400EAB464 = {
			isa = PBXGroup;
			children = (
				87E165221F6D72EF00EAB464 /* Home */,
				87E1655A1F6D76F300EAB464 /* HomeBundle */,
				87E164AC1F6D6E2400EAB464 /* Products */,
			);
			sourceTree = "<group>";
		};
		87E164AC1F6D6E2400EAB464 /* Products */ = {
			isa = PBXGroup;
			children = (
				87E165211F6D72EF00EAB464 /* libHome.a */,
				87E165591F6D76F300EAB464 /* HomeBundle.bundle */,
			);
			name = Products;
			sourceTree = "<group>";
		};
		87E165221F6D72EF00EAB464 /* Home */ = {
			isa = PBXGroup;
			children = (
				87E1654D1F6D753600EAB464 /* Module */,
				87E1654C1F6D753600EAB464 /* Feature */,
			);
			path = Home;
			sourceTree = "<group>";
		};
		87E1654C1F6D753600EAB464 /* Feature */ = {
			isa = PBXGroup;
			children = (
				87E165AC1F6E0B6300EAB464 /* HomePage */,
			);
			path = Feature;
			sourceTree = "<group>";
		};
		87E1654D1F6D753600EAB464 /* Module */ = {
			isa = PBXGroup;
			children = (
				87E165501F6D753600EAB464 /* HomeModule.h */,
				87E165511F6D753600EAB464 /* HomeModule.m */,
				87E1654E1F6D753600EAB464 /* HomeBundle.h */,
				87E1654F1F6D753600EAB464 /* HomeBundle.m */,
			);
			path = Module;
			sourceTree = "<group>";
		};
		87E1655A1F6D76F300EAB464 /* HomeBundle */ = {
			isa = PBXGroup;
			children = (
				873853BD2227907E009C895D /* Resource */,
				87E1655B1F6D76F300EAB464 /* Info.plist */,
			);
			path = HomeBundle;
			sourceTree = "<group>";
		};
		87E165AC1F6E0B6300EAB464 /* HomePage */ = {
			isa = PBXGroup;
			children = (
				87E165B31F6E0BB200EAB464 /* Model */,
				87E165B21F6E0BA600EAB464 /* View */,
				87E165B01F6E0B9300EAB464 /* Controller */,
				87E165B11F6E0BA000EAB464 /* Service */,
			);
			path = HomePage;
			sourceTree = "<group>";
		};
		87E165B01F6E0B9300EAB464 /* Controller */ = {
			isa = PBXGroup;
			children = (
				87E165AD1F6E0B8E00EAB464 /* HomeViewController.h */,
				87E165AE1F6E0B8E00EAB464 /* HomeViewController.m */,
			);
			name = Controller;
			sourceTree = "<group>";
		};
		87E165B11F6E0BA000EAB464 /* Service */ = {
			isa = PBXGroup;
			children = (
			);
			name = Service;
			sourceTree = "<group>";
		};
		87E165B21F6E0BA600EAB464 /* View */ = {
			isa = PBXGroup;
			children = (
				87E165B41F6E0BD600EAB464 /* home.storyboard */,
			);
			name = View;
			sourceTree = "<group>";
		};
		87E165B31F6E0BB200EAB464 /* Model */ = {
			isa = PBXGroup;
			children = (
			);
			name = Model;
			sourceTree = "<group>";
		};
/* End PBXGroup section */

/* Begin PBXNativeTarget section */
		87E165201F6D72EF00EAB464 /* Home */ = {
			isa = PBXNativeTarget;
			buildConfigurationList = 87E165271F6D72EF00EAB464 /* Build configuration list for PBXNativeTarget "Home" */;
			buildPhases = (
				87E1651D1F6D72EF00EAB464 /* Sources */,
				87E1651E1F6D72EF00EAB464 /* Frameworks */,
				87E1651F1F6D72EF00EAB464 /* CopyFiles */,
			);
			buildRules = (
			);
			dependencies = (
			);
			name = Home;
			productName = Home;
			productReference = 87E165211F6D72EF00EAB464 /* libHome.a */;
			productType = "com.apple.product-type.library.static";
		};
		87E165581F6D76F300EAB464 /* HomeBundle */ = {
			isa = PBXNativeTarget;
			buildConfigurationList = 87E1655C1F6D76F300EAB464 /* Build configuration list for PBXNativeTarget "HomeBundle" */;
			buildPhases = (
				87E165551F6D76F300EAB464 /* Sources */,
				87E165561F6D76F300EAB464 /* Frameworks */,
				87E165571F6D76F300EAB464 /* Resources */,
			);
			buildRules = (
			);
			dependencies = (
			);
			name = HomeBundle;
			productName = HomeBundle;
			productReference = 87E165591F6D76F300EAB464 /* HomeBundle.bundle */;
			productType = "com.apple.product-type.bundle";
		};
/* End PBXNativeTarget section */

/* Begin PBXProject section */
		87E164A31F6D6E2400EAB464 /* Project object */ = {
			isa = PBXProject;
			attributes = {
				LastUpgradeCheck = 1010;
				ORGANIZATIONNAME = "jackie@youzan";
				TargetAttributes = {
					87E165201F6D72EF00EAB464 = {
						CreatedOnToolsVersion = 8.3.3;
						DevelopmentTeam = RNG6JK98J6;
						ProvisioningStyle = Automatic;
					};
					87E165581F6D76F300EAB464 = {
						CreatedOnToolsVersion = 8.3.3;
						DevelopmentTeam = RNG6JK98J6;
						ProvisioningStyle = Automatic;
					};
				};
			};
			buildConfigurationList = 87E164A61F6D6E2400EAB464 /* Build configuration list for PBXProject "Home" */;
			compatibilityVersion = "Xcode 3.2";
			developmentRegion = English;
			hasScannedForEncodings = 0;
			knownRegions = (
				en,
				Base,
			);
			mainGroup = 87E164A21F6D6E2400EAB464;
			productRefGroup = 87E164AC1F6D6E2400EAB464 /* Products */;
			projectDirPath = "";
			projectRoot = "";
			targets = (
				87E165201F6D72EF00EAB464 /* Home */,
				87E165581F6D76F300EAB464 /* HomeBundle */,
			);
		};
/* End PBXProject section */

/* Begin PBXResourcesBuildPhase section */
		87E165571F6D76F300EAB464 /* Resources */ = {
			isa = PBXResourcesBuildPhase;
			buildActionMask = 2147483647;
			files = (
				87E165B51F6E0BD600EAB464 /* home.storyboard in Resources */,
				873853BF222790AB009C895D /* image.xcassets in Resources */,
			);
			runOnlyForDeploymentPostprocessing = 0;
		};
/* End PBXResourcesBuildPhase section */

/* Begin PBXSourcesBuildPhase section */
		87E1651D1F6D72EF00EAB464 /* Sources */ = {
			isa = PBXSourcesBuildPhase;
			buildActionMask = 2147483647;
			files = (
				87E165541F6D753600EAB464 /* HomeModule.m in Sources */,
				87E165531F6D753600EAB464 /* HomeBundle.m in Sources */,
				87E165AF1F6E0B8E00EAB464 /* HomeViewController.m in Sources */,
			);
			runOnlyForDeploymentPostprocessing = 0;
		};
		87E165551F6D76F300EAB464 /* Sources */ = {
			isa = PBXSourcesBuildPhase;
			buildActionMask = 2147483647;
			files = (
			);
			runOnlyForDeploymentPostprocessing = 0;
		};
/* End PBXSourcesBuildPhase section */

/* Begin XCBuildConfiguration section */
		87E164C01F6D6E2400EAB464 /* Debug */ = {
			isa = XCBuildConfiguration;
			buildSettings = {
				ALWAYS_SEARCH_USER_PATHS = NO;
				CLANG_ANALYZER_NONNULL = YES;
				CLANG_ANALYZER_NUMBER_OBJECT_CONVERSION = YES_AGGRESSIVE;
				CLANG_CXX_LANGUAGE_STANDARD = "gnu++0x";
				CLANG_CXX_LIBRARY = "libc++";
				CLANG_ENABLE_MODULES = YES;
				CLANG_ENABLE_OBJC_ARC = YES;
				CLANG_WARN_BLOCK_CAPTURE_AUTORELEASING = YES;
				CLANG_WARN_BOOL_CONVERSION = YES;
				CLANG_WARN_COMMA = YES;
				CLANG_WARN_CONSTANT_CONVERSION = YES;
				CLANG_WARN_DEPRECATED_OBJC_IMPLEMENTATIONS = YES;
				CLANG_WARN_DIRECT_OBJC_ISA_USAGE = YES_ERROR;
				CLANG_WARN_DOCUMENTATION_COMMENTS = YES;
				CLANG_WARN_EMPTY_BODY = YES;
				CLANG_WARN_ENUM_CONVERSION = YES;
				CLANG_WARN_INFINITE_RECURSION = YES;
				CLANG_WARN_INT_CONVERSION = YES;
				CLANG_WARN_NON_LITERAL_NULL_CONVERSION = YES;
				CLANG_WARN_OBJC_IMPLICIT_RETAIN_SELF = YES;
				CLANG_WARN_OBJC_LITERAL_CONVERSION = YES;
				CLANG_WARN_OBJC_ROOT_CLASS = YES_ERROR;
				CLANG_WARN_RANGE_LOOP_ANALYSIS = YES;
				CLANG_WARN_STRICT_PROTOTYPES = YES;
				CLANG_WARN_SUSPICIOUS_MOVE = YES;
				CLANG_WARN_UNREACHABLE_CODE = YES;
				CLANG_WARN__DUPLICATE_METHOD_MATCH = YES;
				"CODE_SIGN_IDENTITY[sdk=iphoneos*]" = "iPhone Developer";
				COPY_PHASE_STRIP = NO;
				DEBUG_INFORMATION_FORMAT = dwarf;
				ENABLE_STRICT_OBJC_MSGSEND = YES;
				ENABLE_TESTABILITY = YES;
				GCC_C_LANGUAGE_STANDARD = gnu99;
				GCC_DYNAMIC_NO_PIC = NO;
				GCC_NO_COMMON_BLOCKS = YES;
				GCC_OPTIMIZATION_LEVEL = 0;
				GCC_PREPROCESSOR_DEFINITIONS = (
					"DEBUG=1",
					"$(inherited)",
				);
				GCC_WARN_64_TO_32_BIT_CONVERSION = YES;
				GCC_WARN_ABOUT_RETURN_TYPE = YES_ERROR;
				GCC_WARN_UNDECLARED_SELECTOR = YES;
				GCC_WARN_UNINITIALIZED_AUTOS = YES_AGGRESSIVE;
				GCC_WARN_UNUSED_FUNCTION = YES;
				GCC_WARN_UNUSED_VARIABLE = YES;
				HEADER_SEARCH_PATHS = (
					"\"${SRCROOT}/../Common/\"/**",
					"\"${SRCROOT}/../Mediator/\"/**",
					"\"${SRCROOT}/../../Pods/\"/**",
				);
				IPHONEOS_DEPLOYMENT_TARGET = 8.0;
				MTL_ENABLE_DEBUG_INFO = YES;
				ONLY_ACTIVE_ARCH = YES;
				SDKROOT = iphoneos;
				TARGETED_DEVICE_FAMILY = "1,2";
			};
			name = Debug;
		};
		87E164C11F6D6E2400EAB464 /* Release */ = {
			isa = XCBuildConfiguration;
			buildSettings = {
				ALWAYS_SEARCH_USER_PATHS = NO;
				CLANG_ANALYZER_NONNULL = YES;
				CLANG_ANALYZER_NUMBER_OBJECT_CONVERSION = YES_AGGRESSIVE;
				CLANG_CXX_LANGUAGE_STANDARD = "gnu++0x";
				CLANG_CXX_LIBRARY = "libc++";
				CLANG_ENABLE_MODULES = YES;
				CLANG_ENABLE_OBJC_ARC = YES;
				CLANG_WARN_BLOCK_CAPTURE_AUTORELEASING = YES;
				CLANG_WARN_BOOL_CONVERSION = YES;
				CLANG_WARN_COMMA = YES;
				CLANG_WARN_CONSTANT_CONVERSION = YES;
				CLANG_WARN_DEPRECATED_OBJC_IMPLEMENTATIONS = YES;
				CLANG_WARN_DIRECT_OBJC_ISA_USAGE = YES_ERROR;
				CLANG_WARN_DOCUMENTATION_COMMENTS = YES;
				CLANG_WARN_EMPTY_BODY = YES;
				CLANG_WARN_ENUM_CONVERSION = YES;
				CLANG_WARN_INFINITE_RECURSION = YES;
				CLANG_WARN_INT_CONVERSION = YES;
				CLANG_WARN_NON_LITERAL_NULL_CONVERSION = YES;
				CLANG_WARN_OBJC_IMPLICIT_RETAIN_SELF = YES;
				CLANG_WARN_OBJC_LITERAL_CONVERSION = YES;
				CLANG_WARN_OBJC_ROOT_CLASS = YES_ERROR;
				CLANG_WARN_RANGE_LOOP_ANALYSIS = YES;
				CLANG_WARN_STRICT_PROTOTYPES = YES;
				CLANG_WARN_SUSPICIOUS_MOVE = YES;
				CLANG_WARN_UNREACHABLE_CODE = YES;
				CLANG_WARN__DUPLICATE_METHOD_MATCH = YES;
				"CODE_SIGN_IDENTITY[sdk=iphoneos*]" = "iPhone Developer";
				COPY_PHASE_STRIP = NO;
				DEBUG_INFORMATION_FORMAT = "dwarf-with-dsym";
				ENABLE_NS_ASSERTIONS = NO;
				ENABLE_STRICT_OBJC_MSGSEND = YES;
				GCC_C_LANGUAGE_STANDARD = gnu99;
				GCC_NO_COMMON_BLOCKS = YES;
				GCC_WARN_64_TO_32_BIT_CONVERSION = YES;
				GCC_WARN_ABOUT_RETURN_TYPE = YES_ERROR;
				GCC_WARN_UNDECLARED_SELECTOR = YES;
				GCC_WARN_UNINITIALIZED_AUTOS = YES_AGGRESSIVE;
				GCC_WARN_UNUSED_FUNCTION = YES;
				GCC_WARN_UNUSED_VARIABLE = YES;
				HEADER_SEARCH_PATHS = (
					"\"${SRCROOT}/../Common/\"/**",
					"\"${SRCROOT}/../Mediator/\"/**",
					"\"${SRCROOT}/../../Pods/\"/**",
				);
				IPHONEOS_DEPLOYMENT_TARGET = 8.0;
				MTL_ENABLE_DEBUG_INFO = NO;
				SDKROOT = iphoneos;
				TARGETED_DEVICE_FAMILY = "1,2";
				VALIDATE_PRODUCT = YES;
			};
			name = Release;
		};
		87E165281F6D72EF00EAB464 /* Debug */ = {
			isa = XCBuildConfiguration;
			buildSettings = {
				DEVELOPMENT_TEAM = RNG6JK98J6;
				HEADER_SEARCH_PATHS = "$(inherited)";
				OTHER_LDFLAGS = "-ObjC";
				PRODUCT_NAME = "$(TARGET_NAME)";
				SKIP_INSTALL = YES;
			};
			name = Debug;
		};
		87E165291F6D72EF00EAB464 /* Release */ = {
			isa = XCBuildConfiguration;
			buildSettings = {
				DEVELOPMENT_TEAM = RNG6JK98J6;
				HEADER_SEARCH_PATHS = "$(inherited)";
				OTHER_LDFLAGS = "-ObjC";
				PRODUCT_NAME = "$(TARGET_NAME)";
				SKIP_INSTALL = YES;
			};
			name = Release;
		};
		87E1655D1F6D76F300EAB464 /* Debug */ = {
			isa = XCBuildConfiguration;
			buildSettings = {
				CODE_SIGN_IDENTITY = "-";
				COMBINE_HIDPI_IMAGES = YES;
				DEVELOPMENT_TEAM = RNG6JK98J6;
				INFOPLIST_FILE = HomeBundle/Info.plist;
				INSTALL_PATH = "$(LOCAL_LIBRARY_DIR)/Bundles";
				IPHONEOS_DEPLOYMENT_TARGET = 8.0;
				MACOSX_DEPLOYMENT_TARGET = 10.12;
				PRODUCT_BUNDLE_IDENTIFIER = com.youzan.HomeBundle;
				PRODUCT_NAME = "$(TARGET_NAME)";
				SDKROOT = iphoneos;
				SKIP_INSTALL = YES;
				WRAPPER_EXTENSION = bundle;
			};
			name = Debug;
		};
		87E1655E1F6D76F300EAB464 /* Release */ = {
			isa = XCBuildConfiguration;
			buildSettings = {
				CODE_SIGN_IDENTITY = "-";
				COMBINE_HIDPI_IMAGES = YES;
				DEVELOPMENT_TEAM = RNG6JK98J6;
				INFOPLIST_FILE = HomeBundle/Info.plist;
				INSTALL_PATH = "$(LOCAL_LIBRARY_DIR)/Bundles";
				IPHONEOS_DEPLOYMENT_TARGET = 8.0;
				MACOSX_DEPLOYMENT_TARGET = 10.12;
				PRODUCT_BUNDLE_IDENTIFIER = com.youzan.HomeBundle;
				PRODUCT_NAME = "$(TARGET_NAME)";
				SDKROOT = iphoneos;
				SKIP_INSTALL = YES;
				WRAPPER_EXTENSION = bundle;
			};
			name = Release;
		};
/* End XCBuildConfiguration section */

/* Begin XCConfigurationList section */
		87E164A61F6D6E2400EAB464 /* Build configuration list for PBXProject "Home" */ = {
			isa = XCConfigurationList;
			buildConfigurations = (
				87E164C01F6D6E2400EAB464 /* Debug */,
				87E164C11F6D6E2400EAB464 /* Release */,
			);
			defaultConfigurationIsVisible = 0;
			defaultConfigurationName = Release;
		};
		87E165271F6D72EF00EAB464 /* Build configuration list for PBXNativeTarget "Home" */ = {
			isa = XCConfigurationList;
			buildConfigurations = (
				87E165281F6D72EF00EAB464 /* Debug */,
				87E165291F6D72EF00EAB464 /* Release */,
			);
			defaultConfigurationIsVisible = 0;
			defaultConfigurationName = Release;
		};
		87E1655C1F6D76F300EAB464 /* Build configuration list for PBXNativeTarget "HomeBundle" */ = {
			isa = XCConfigurationList;
			buildConfigurations = (
				87E1655D1F6D76F300EAB464 /* Debug */,
				87E1655E1F6D76F300EAB464 /* Release */,
			);
			defaultConfigurationIsVisible = 0;
			defaultConfigurationName = Release;
		};
/* End XCConfigurationList section */
	};
	rootObject = 87E164A31F6D6E2400EAB464 /* Project object */;
}
